
Microsoft Visual Studio Solution File, Format Version 12.00
# Visual Studio Version 17
VisualStudioVersion = 17.13.35919.96 d17.13
MinimumVisualStudioVersion = 10.0.40219.1
Project("{FAE04EC0-301F-11D3-BF4B-00C04F79EFBC}") = "GeminiIntegration", "GeminiIntegration.csproj", "{CE3C1343-F49E-4E5C-B8B0-39CFA1AC8503}"
EndProject
Global
	GlobalSection(SolutionConfigurationPlatforms) = preSolution
		Debug|Any CPU = Debug|Any CPU
		Release|Any CPU = Release|Any CPU
	EndGlobalSection
	GlobalSection(ProjectConfigurationPlatforms) = postSolution
		{CE3C1343-F49E-4E5C-B8B0-39CFA1AC8503}.Debug|Any CPU.ActiveCfg = Debug|Any CPU
		{CE3C1343-F49E-4E5C-B8B0-39CFA1AC8503}.Debug|Any CPU.Build.0 = Debug|Any CPU
		{CE3C1343-F49E-4E5C-B8B0-39CFA1AC8503}.Release|Any CPU.ActiveCfg = Release|Any CPU
		{CE3C1343-F49E-4E5C-B8B0-39CFA1AC8503}.Release|Any CPU.Build.0 = Release|Any CPU
	EndGlobalSection
	GlobalSection(SolutionProperties) = preSolution
		HideSolutionNode = FALSE
	EndGlobalSection
	GlobalSection(ExtensibilityGlobals) = postSolution
		SolutionGuid = {D642335F-7B86-45C5-9D4C-AFA2FF5AAC83}
	EndGlobalSection
EndGlobal
