
Microsoft Visual Studio Solution File, Format Version 12.00
# Visual Studio Version 17
VisualStudioVersion = 17.14.36127.28 d17.14
MinimumVisualStudioVersion = 10.0.40219.1
Project("{FAE04EC0-301F-11D3-BF4B-00C04F79EFBC}") = "Nova Sonic Speech (Dotnet)", "Nova Sonic Speech (Dotnet)\Nova Sonic Speech (Dotnet).csproj", "{8B537899-CB3F-4DEB-9207-2A44CECE97F5}"
EndProject
Global
	GlobalSection(SolutionConfigurationPlatforms) = preSolution
		Debug|Any CPU = Debug|Any CPU
		Release|Any CPU = Release|Any CPU
	EndGlobalSection
	GlobalSection(ProjectConfigurationPlatforms) = postSolution
		{8B537899-CB3F-4DEB-9207-2A44CECE97F5}.Debug|Any CPU.ActiveCfg = Debug|Any CPU
		{8B537899-CB3F-4DEB-9207-2A44CECE97F5}.Debug|Any CPU.Build.0 = Debug|Any CPU
		{8B537899-CB3F-4DEB-9207-2A44CECE97F5}.Release|Any CPU.ActiveCfg = Release|Any CPU
		{8B537899-CB3F-4DEB-9207-2A44CECE97F5}.Release|Any CPU.Build.0 = Release|Any CPU
	EndGlobalSection
	GlobalSection(SolutionProperties) = preSolution
		HideSolutionNode = FALSE
	EndGlobalSection
	GlobalSection(ExtensibilityGlobals) = postSolution
		SolutionGuid = {2B49F8BB-25A4-499C-B931-76760C2B4A87}
	EndGlobalSection
EndGlobal
