
Microsoft Visual Studio Solution File, Format Version 12.00
# Visual Studio Version 17
VisualStudioVersion = 17.13.35919.96 d17.13
MinimumVisualStudioVersion = 10.0.40219.1
Project("{FAE04EC0-301F-11D3-BF4B-00C04F79EFBC}") = "Text_Embedding", "Text_Embedding.csproj", "{F261A014-EDD3-4AAA-B963-B3D32AC4C0CE}"
EndProject
Global
	GlobalSection(SolutionConfigurationPlatforms) = preSolution
		Debug|Any CPU = Debug|Any CPU
		Release|Any CPU = Release|Any CPU
	EndGlobalSection
	GlobalSection(ProjectConfigurationPlatforms) = postSolution
		{F261A014-EDD3-4AAA-B963-B3D32AC4C0CE}.Debug|Any CPU.ActiveCfg = Debug|Any CPU
		{F261A014-EDD3-4AAA-B963-B3D32AC4C0CE}.Debug|Any CPU.Build.0 = Debug|Any CPU
		{F261A014-EDD3-4AAA-B963-B3D32AC4C0CE}.Release|Any CPU.ActiveCfg = Release|Any CPU
		{F261A014-EDD3-4AAA-B963-B3D32AC4C0CE}.Release|Any CPU.Build.0 = Release|Any CPU
	EndGlobalSection
	GlobalSection(SolutionProperties) = preSolution
		HideSolutionNode = FALSE
	EndGlobalSection
	GlobalSection(ExtensibilityGlobals) = postSolution
		SolutionGuid = {8E1A898E-C766-4EAF-9DE2-33E28F786A96}
	EndGlobalSection
EndGlobal
